<?xml version="1.0" encoding="utf-8"?>
<Project ToolsVersion="4.0" xmlns="http://schemas.microsoft.com/developer/msbuild/2003">
  <ItemGroup>
    <Filter Include="Source Files">
      <UniqueIdentifier>{4FC737F1-C7A5-4376-A066-2A32D752A2FF}</UniqueIdentifier>
      <Extensions>cpp;c;cc;cxx;def;odl;idl;hpj;bat;asm;asmx</Extensions>
    </Filter>
    <Filter Include="Header Files">
      <UniqueIdentifier>{93995380-89BD-4b04-88EB-625FBE52EBFB}</UniqueIdentifier>
      <Extensions>h;hh;hpp;hxx;hm;inl;inc;xsd</Extensions>
    </Filter>
    <Filter Include="Resource Files">
      <UniqueIdentifier>{67DA6AB6-F800-4c08-8B7A-83BB121AAD01}</UniqueIdentifier>
      <Extensions>rc;ico;cur;bmp;dlg;rc2;rct;bin;rgs;gif;jpg;jpeg;jpe;resx;tiff;tif;png;wav;mfcribbon-ms</Extensions>
    </Filter>
  </ItemGroup>
  <ItemGroup>
    <ClCompile Include="main.cpp">
      <Filter>Source Files</Filter>
    </ClCompile>
    <ClCompile Include="Demo.cpp">
      <Filter>Source Files</Filter>
    </ClCompile>
    <ClCompile Include="DemoHeader.cpp">
      <Filter>Source Files</Filter>
    </ClCompile>
    <ClCompile Include="SendTable.cpp">
      <Filter>Source Files</Filter>
    </ClCompile>
    <ClCompile Include="..\generated_proto\steammessages.pb.cc">
      <Filter>Source Files</Filter>
    </ClCompile>
    <ClCompile Include="..\generated_proto\netmessages_public.pb.cc">
      <Filter>Source Files</Filter>
    </ClCompile>
    <ClCompile Include="..\generated_proto\cstrike15_usermessages_public.pb.cc">
      <Filter>Source Files</Filter>
    </ClCompile>
    <ClCompile Include="..\generated_proto\cstrike15_gcmessages.pb.cc">
      <Filter>Source Files</Filter>
    </ClCompile>
    <ClCompile Include="ServerClass.cpp">
      <Filter>Source Files</Filter>
    </ClCompile>
    <ClCompile Include="Player.cpp">
      <Filter>Source Files</Filter>
    </ClCompile>
  </ItemGroup>
  <ItemGroup>
    <ClInclude Include="Steam.hpp">
      <Filter>Header Files</Filter>
    </ClInclude>
    <ClInclude Include="csgotools.hpp">
      <Filter>Header Files</Filter>
    </ClInclude>
    <ClInclude Include="MemoryBitStream.hpp">
      <Filter>Header Files</Filter>
    </ClInclude>
    <ClInclude Include="Vector.hpp">
      <Filter>Header Files</Filter>
    </ClInclude>
    <ClInclude Include="Demo.hpp">
      <Filter>Header Files</Filter>
    </ClInclude>
    <ClInclude Include="DemoHeader.hpp">
      <Filter>Header Files</Filter>
    </ClInclude>
    <ClInclude Include="DemoMemoryBitStream.hpp">
      <Filter>Header Files</Filter>
    </ClInclude>
    <ClInclude Include="SendTable.hpp">
      <Filter>Header Files</Filter>
    </ClInclude>
    <ClInclude Include="SendProp.hpp">
      <Filter>Header Files</Filter>
    </ClInclude>
    <ClInclude Include="ServerClass.hpp">
      <Filter>Header Files</Filter>
    </ClInclude>
    <ClInclude Include="..\generated_proto\steammessages.pb.h">
      <Filter>Header Files</Filter>
    </ClInclude>
    <ClInclude Include="..\generated_proto\netmessages_public.pb.h">
      <Filter>Header Files</Filter>
    </ClInclude>
    <ClInclude Include="..\generated_proto\cstrike15_usermessages_public.pb.h">
      <Filter>Header Files</Filter>
    </ClInclude>
    <ClInclude Include="..\generated_proto\cstrike15_gcmessages.pb.h">
      <Filter>Header Files</Filter>
    </ClInclude>
    <ClInclude Include="FlatSendProp.hpp">
      <Filter>Header Files</Filter>
    </ClInclude>
    <ClInclude Include="Player.hpp">
      <Filter>Header Files</Filter>
    </ClInclude>
  </ItemGroup>
</Project>