
Microsoft Visual Studio Solution File, Format Version 12.00
# Visual Studio 14
VisualStudioVersion = 14.0.25420.1
MinimumVisualStudioVersion = 10.0.40219.1
Project("{8BC9CEB8-8B4A-11D0-8D11-00A0C91BC942}") = "Demo", "Demo\Demo.vcxproj", "{9830A749-6917-4201-B829-DB9508055FB1}"
EndProject
Project("{8BC9CEB8-8B4A-11D0-8D11-00A0C91BC942}") = "Overwatch", "Overwatch\Overwatch.vcxproj", "{D158EFE4-7673-4720-8A60-2CEA0E959805}"
EndProject
Project("{8BC9CEB8-8B4A-11D0-8D11-00A0C91BC942}") = "MatchList", "MatchList\MatchList.vcxproj", "{193F6D9A-3098-4351-A867-A822DCC77853}"
EndProject
Global
	GlobalSection(SolutionConfigurationPlatforms) = preSolution
		Debug|x64 = Debug|x64
		Debug|x86 = Debug|x86
		Release|x64 = Release|x64
		Release|x86 = Release|x86
	EndGlobalSection
	GlobalSection(ProjectConfigurationPlatforms) = postSolution
		{9830A749-6917-4201-B829-DB9508055FB1}.Debug|x64.ActiveCfg = Debug|x64
		{9830A749-6917-4201-B829-DB9508055FB1}.Debug|x64.Build.0 = Debug|x64
		{9830A749-6917-4201-B829-DB9508055FB1}.Debug|x86.ActiveCfg = Debug|Win32
		{9830A749-6917-4201-B829-DB9508055FB1}.Debug|x86.Build.0 = Debug|Win32
		{9830A749-6917-4201-B829-DB9508055FB1}.Release|x64.ActiveCfg = Release|x64
		{9830A749-6917-4201-B829-DB9508055FB1}.Release|x64.Build.0 = Release|x64
		{9830A749-6917-4201-B829-DB9508055FB1}.Release|x86.ActiveCfg = Release|Win32
		{9830A749-6917-4201-B829-DB9508055FB1}.Release|x86.Build.0 = Release|Win32
		{D158EFE4-7673-4720-8A60-2CEA0E959805}.Debug|x64.ActiveCfg = Debug|x64
		{D158EFE4-7673-4720-8A60-2CEA0E959805}.Debug|x64.Build.0 = Debug|x64
		{D158EFE4-7673-4720-8A60-2CEA0E959805}.Debug|x86.ActiveCfg = Debug|Win32
		{D158EFE4-7673-4720-8A60-2CEA0E959805}.Debug|x86.Build.0 = Debug|Win32
		{D158EFE4-7673-4720-8A60-2CEA0E959805}.Release|x64.ActiveCfg = Release|x64
		{D158EFE4-7673-4720-8A60-2CEA0E959805}.Release|x64.Build.0 = Release|x64
		{D158EFE4-7673-4720-8A60-2CEA0E959805}.Release|x86.ActiveCfg = Release|Win32
		{D158EFE4-7673-4720-8A60-2CEA0E959805}.Release|x86.Build.0 = Release|Win32
		{193F6D9A-3098-4351-A867-A822DCC77853}.Debug|x64.ActiveCfg = Debug|x64
		{193F6D9A-3098-4351-A867-A822DCC77853}.Debug|x64.Build.0 = Debug|x64
		{193F6D9A-3098-4351-A867-A822DCC77853}.Debug|x86.ActiveCfg = Debug|Win32
		{193F6D9A-3098-4351-A867-A822DCC77853}.Debug|x86.Build.0 = Debug|Win32
		{193F6D9A-3098-4351-A867-A822DCC77853}.Release|x64.ActiveCfg = Release|x64
		{193F6D9A-3098-4351-A867-A822DCC77853}.Release|x64.Build.0 = Release|x64
		{193F6D9A-3098-4351-A867-A822DCC77853}.Release|x86.ActiveCfg = Release|Win32
		{193F6D9A-3098-4351-A867-A822DCC77853}.Release|x86.Build.0 = Release|Win32
	EndGlobalSection
	GlobalSection(SolutionProperties) = preSolution
		HideSolutionNode = FALSE
	EndGlobalSection
EndGlobal
